
Microsoft Visual Studio Solution File, Format Version 12.00
# Visual Studio Version 17
VisualStudioVersion = 17.11.35327.3
MinimumVisualStudioVersion = 10.0.40219.1
Project("{9A19103F-16F7-4668-BE54-9A1E7A4F7556}") = "ProjectLayerClassLibrary", "ProjectLayerClassLibrary\ProjectLayerClassLibrary.csproj", "{F31B4FC9-15F3-47CB-8F16-E29CD6633580}"
EndProject
Project("{9A19103F-16F7-4668-BE54-9A1E7A4F7556}") = "ProjectLayerClassLibraryTest", "ProjectLayerClassLibraryTest\ProjectLayerClassLibraryTest.csproj", "{789806E6-CEE5-4183-8453-3A1CA9DCEED0}"
EndProject
Project("{2150E333-8FDC-42A3-9474-1A3956D46DE8}") = "Elementy rozwiązania", "Elementy rozwiązania", "{7314BFD8-7F7C-4FF9-87BE-D90C8C790C6E}"
	ProjectSection(SolutionItems) = preProject
		README.md = README.md
	EndProjectSection
EndProject
Project("{9A19103F-16F7-4668-BE54-9A1E7A4F7556}") = "ProjectLayerClassServerLibrary", "ProjectLayerClassServerLibrary\ProjectLayerClassServerLibrary.csproj", "{B3A63084-890B-43F8-B76E-2E659F19F6BA}"
EndProject
Project("{9A19103F-16F7-4668-BE54-9A1E7A4F7556}") = "ProjectLayerClassServerLibraryTest", "ProjectLayerClassServerLibraryTest\ProjectLayerClassServerLibraryTest.csproj", "{10F6F429-65E0-43C6-9EA7-327FDA620CF6}"
EndProject
Global
	GlobalSection(SolutionConfigurationPlatforms) = preSolution
		Debug|Any CPU = Debug|Any CPU
		Debug|x64 = Debug|x64
		Debug|x86 = Debug|x86
		Release|Any CPU = Release|Any CPU
		Release|x64 = Release|x64
		Release|x86 = Release|x86
	EndGlobalSection
	GlobalSection(ProjectConfigurationPlatforms) = postSolution
		{F31B4FC9-15F3-47CB-8F16-E29CD6633580}.Debug|Any CPU.ActiveCfg = Debug|Any CPU
		{F31B4FC9-15F3-47CB-8F16-E29CD6633580}.Debug|Any CPU.Build.0 = Debug|Any CPU
		{F31B4FC9-15F3-47CB-8F16-E29CD6633580}.Debug|x64.ActiveCfg = Debug|Any CPU
		{F31B4FC9-15F3-47CB-8F16-E29CD6633580}.Debug|x64.Build.0 = Debug|Any CPU
		{F31B4FC9-15F3-47CB-8F16-E29CD6633580}.Debug|x86.ActiveCfg = Debug|Any CPU
		{F31B4FC9-15F3-47CB-8F16-E29CD6633580}.Debug|x86.Build.0 = Debug|Any CPU
		{F31B4FC9-15F3-47CB-8F16-E29CD6633580}.Release|Any CPU.ActiveCfg = Release|Any CPU
		{F31B4FC9-15F3-47CB-8F16-E29CD6633580}.Release|Any CPU.Build.0 = Release|Any CPU
		{F31B4FC9-15F3-47CB-8F16-E29CD6633580}.Release|x64.ActiveCfg = Release|Any CPU
		{F31B4FC9-15F3-47CB-8F16-E29CD6633580}.Release|x64.Build.0 = Release|Any CPU
		{F31B4FC9-15F3-47CB-8F16-E29CD6633580}.Release|x86.ActiveCfg = Release|Any CPU
		{F31B4FC9-15F3-47CB-8F16-E29CD6633580}.Release|x86.Build.0 = Release|Any CPU
		{789806E6-CEE5-4183-8453-3A1CA9DCEED0}.Debug|Any CPU.ActiveCfg = Debug|Any CPU
		{789806E6-CEE5-4183-8453-3A1CA9DCEED0}.Debug|Any CPU.Build.0 = Debug|Any CPU
		{789806E6-CEE5-4183-8453-3A1CA9DCEED0}.Debug|x64.ActiveCfg = Debug|Any CPU
		{789806E6-CEE5-4183-8453-3A1CA9DCEED0}.Debug|x64.Build.0 = Debug|Any CPU
		{789806E6-CEE5-4183-8453-3A1CA9DCEED0}.Debug|x86.ActiveCfg = Debug|Any CPU
		{789806E6-CEE5-4183-8453-3A1CA9DCEED0}.Debug|x86.Build.0 = Debug|Any CPU
		{789806E6-CEE5-4183-8453-3A1CA9DCEED0}.Release|Any CPU.ActiveCfg = Release|Any CPU
		{789806E6-CEE5-4183-8453-3A1CA9DCEED0}.Release|Any CPU.Build.0 = Release|Any CPU
		{789806E6-CEE5-4183-8453-3A1CA9DCEED0}.Release|x64.ActiveCfg = Release|Any CPU
		{789806E6-CEE5-4183-8453-3A1CA9DCEED0}.Release|x64.Build.0 = Release|Any CPU
		{789806E6-CEE5-4183-8453-3A1CA9DCEED0}.Release|x86.ActiveCfg = Release|Any CPU
		{789806E6-CEE5-4183-8453-3A1CA9DCEED0}.Release|x86.Build.0 = Release|Any CPU
		{B3A63084-890B-43F8-B76E-2E659F19F6BA}.Debug|Any CPU.ActiveCfg = Debug|Any CPU
		{B3A63084-890B-43F8-B76E-2E659F19F6BA}.Debug|Any CPU.Build.0 = Debug|Any CPU
		{B3A63084-890B-43F8-B76E-2E659F19F6BA}.Debug|x64.ActiveCfg = Debug|Any CPU
		{B3A63084-890B-43F8-B76E-2E659F19F6BA}.Debug|x64.Build.0 = Debug|Any CPU
		{B3A63084-890B-43F8-B76E-2E659F19F6BA}.Debug|x86.ActiveCfg = Debug|Any CPU
		{B3A63084-890B-43F8-B76E-2E659F19F6BA}.Debug|x86.Build.0 = Debug|Any CPU
		{B3A63084-890B-43F8-B76E-2E659F19F6BA}.Release|Any CPU.ActiveCfg = Release|Any CPU
		{B3A63084-890B-43F8-B76E-2E659F19F6BA}.Release|Any CPU.Build.0 = Release|Any CPU
		{B3A63084-890B-43F8-B76E-2E659F19F6BA}.Release|x64.ActiveCfg = Release|Any CPU
		{B3A63084-890B-43F8-B76E-2E659F19F6BA}.Release|x64.Build.0 = Release|Any CPU
		{B3A63084-890B-43F8-B76E-2E659F19F6BA}.Release|x86.ActiveCfg = Release|Any CPU
		{B3A63084-890B-43F8-B76E-2E659F19F6BA}.Release|x86.Build.0 = Release|Any CPU
		{10F6F429-65E0-43C6-9EA7-327FDA620CF6}.Debug|Any CPU.ActiveCfg = Debug|Any CPU
		{10F6F429-65E0-43C6-9EA7-327FDA620CF6}.Debug|Any CPU.Build.0 = Debug|Any CPU
		{10F6F429-65E0-43C6-9EA7-327FDA620CF6}.Debug|x64.ActiveCfg = Debug|Any CPU
		{10F6F429-65E0-43C6-9EA7-327FDA620CF6}.Debug|x64.Build.0 = Debug|Any CPU
		{10F6F429-65E0-43C6-9EA7-327FDA620CF6}.Debug|x86.ActiveCfg = Debug|Any CPU
		{10F6F429-65E0-43C6-9EA7-327FDA620CF6}.Debug|x86.Build.0 = Debug|Any CPU
		{10F6F429-65E0-43C6-9EA7-327FDA620CF6}.Release|Any CPU.ActiveCfg = Release|Any CPU
		{10F6F429-65E0-43C6-9EA7-327FDA620CF6}.Release|Any CPU.Build.0 = Release|Any CPU
		{10F6F429-65E0-43C6-9EA7-327FDA620CF6}.Release|x64.ActiveCfg = Release|Any CPU
		{10F6F429-65E0-43C6-9EA7-327FDA620CF6}.Release|x64.Build.0 = Release|Any CPU
		{10F6F429-65E0-43C6-9EA7-327FDA620CF6}.Release|x86.ActiveCfg = Release|Any CPU
		{10F6F429-65E0-43C6-9EA7-327FDA620CF6}.Release|x86.Build.0 = Release|Any CPU
	EndGlobalSection
	GlobalSection(SolutionProperties) = preSolution
		HideSolutionNode = FALSE
	EndGlobalSection
	GlobalSection(ExtensibilityGlobals) = postSolution
		SolutionGuid = {F87B2382-E5C4-422F-9A88-B836843E90E3}
	EndGlobalSection
EndGlobal
