
Microsoft Visual Studio Solution File, Format Version 12.00
# Visual Studio Version 17
VisualStudioVersion = 17.11.35327.3
MinimumVisualStudioVersion = 10.0.40219.1
Project("{FAE04EC0-301F-11D3-BF4B-00C04F79EFBC}") = "ProjectLayerClassLibrary", "ProjectLayerClassLibrary\ProjectLayerClassLibrary.csproj", "{F31B4FC9-15F3-47CB-8F16-E29CD6633580}"
EndProject
Project("{FAE04EC0-301F-11D3-BF4B-00C04F79EFBC}") = "ProjectLayerClassLibraryTest", "ProjectLayerClassLibraryTest\ProjectLayerClassLibraryTest.csproj", "{4522D8F3-E3DD-415B-8E9D-F0368FF8FF80}"
EndProject
Global
	GlobalSection(SolutionConfigurationPlatforms) = preSolution
		Debug|Any CPU = Debug|Any CPU
		Release|Any CPU = Release|Any CPU
	EndGlobalSection
	GlobalSection(ProjectConfigurationPlatforms) = postSolution
		{F31B4FC9-15F3-47CB-8F16-E29CD6633580}.Debug|Any CPU.ActiveCfg = Debug|Any CPU
		{F31B4FC9-15F3-47CB-8F16-E29CD6633580}.Debug|Any CPU.Build.0 = Debug|Any CPU
		{F31B4FC9-15F3-47CB-8F16-E29CD6633580}.Release|Any CPU.ActiveCfg = Release|Any CPU
		{F31B4FC9-15F3-47CB-8F16-E29CD6633580}.Release|Any CPU.Build.0 = Release|Any CPU
		{4522D8F3-E3DD-415B-8E9D-F0368FF8FF80}.Debug|Any CPU.ActiveCfg = Debug|Any CPU
		{4522D8F3-E3DD-415B-8E9D-F0368FF8FF80}.Debug|Any CPU.Build.0 = Debug|Any CPU
		{4522D8F3-E3DD-415B-8E9D-F0368FF8FF80}.Release|Any CPU.ActiveCfg = Release|Any CPU
		{4522D8F3-E3DD-415B-8E9D-F0368FF8FF80}.Release|Any CPU.Build.0 = Release|Any CPU
	EndGlobalSection
	GlobalSection(SolutionProperties) = preSolution
		HideSolutionNode = FALSE
	EndGlobalSection
	GlobalSection(ExtensibilityGlobals) = postSolution
		SolutionGuid = {F87B2382-E5C4-422F-9A88-B836843E90E3}
	EndGlobalSection
EndGlobal
